# THIS IS AN AUTOGENERATED FILE. DO NOT EDIT THIS FILE DIRECTLY.
# yarn lockfile v1


traceroute-lite@^0.1.0:
  version "0.1.0"
  resolved "https://registry.yarnpkg.com/traceroute-lite/-/traceroute-lite-0.1.0.tgz#484b3a160ab86560493ddc1856f7ead5e0b2648d"
  integrity sha1-SEs6Fgq4ZWBJPdwYVvfq1eCyZI0=
